
Microsoft Visual Studio Solution File, Format Version 12.00
# Visual Studio Version 17
VisualStudioVersion = 17.4.33205.214
MinimumVisualStudioVersion = 10.0.40219.1
Project("{FAE04EC0-301F-11D3-BF4B-00C04F79EFBC}") = "Slágerlista - egyéni munka", "Slágerlista - egyéni munka.csproj", "{1F092128-659B-40DA-9152-FC6F54E7AA92}"
EndProject
Global
	GlobalSection(SolutionConfigurationPlatforms) = preSolution
		Debug|Any CPU = Debug|Any CPU
		Release|Any CPU = Release|Any CPU
	EndGlobalSection
	GlobalSection(ProjectConfigurationPlatforms) = postSolution
		{1F092128-659B-40DA-9152-FC6F54E7AA92}.Debug|Any CPU.ActiveCfg = Debug|Any CPU
		{1F092128-659B-40DA-9152-FC6F54E7AA92}.Debug|Any CPU.Build.0 = Debug|Any CPU
		{1F092128-659B-40DA-9152-FC6F54E7AA92}.Release|Any CPU.ActiveCfg = Release|Any CPU
		{1F092128-659B-40DA-9152-FC6F54E7AA92}.Release|Any CPU.Build.0 = Release|Any CPU
	EndGlobalSection
	GlobalSection(SolutionProperties) = preSolution
		HideSolutionNode = FALSE
	EndGlobalSection
	GlobalSection(ExtensibilityGlobals) = postSolution
		SolutionGuid = {C55C249F-7EAC-4481-91D1-FBFFEABC11A7}
	EndGlobalSection
EndGlobal
